
Microsoft Visual Studio Solution File, Format Version 12.00
# Visual Studio Version 18
VisualStudioVersion = 18.2.11408.102 d18.0
MinimumVisualStudioVersion = 10.0.40219.1
Project("{F184B08F-C81C-45F6-A57F-5ABD9991F28F}") = "Dental System", "Dental System.vbproj", "{3E3A9EB9-85DD-426E-947D-3B24897A03B0}"
EndProject
Project("{2150E333-8FDC-42A3-9474-1A3956D46DE8}") = "Solution Items", "Solution Items", "{A9D7536B-183F-4571-AD38-119F33D81341}"
	ProjectSection(SolutionItems) = preProject
		New_Database.sql = New_Database.sql
	EndProjectSection
EndProject
Global
	GlobalSection(SolutionConfigurationPlatforms) = preSolution
		Debug|Any CPU = Debug|Any CPU
		Release|Any CPU = Release|Any CPU
	EndGlobalSection
	GlobalSection(ProjectConfigurationPlatforms) = postSolution
		{3E3A9EB9-85DD-426E-947D-3B24897A03B0}.Debug|Any CPU.ActiveCfg = Debug|Any CPU
		{3E3A9EB9-85DD-426E-947D-3B24897A03B0}.Debug|Any CPU.Build.0 = Debug|Any CPU
		{3E3A9EB9-85DD-426E-947D-3B24897A03B0}.Release|Any CPU.ActiveCfg = Release|Any CPU
		{3E3A9EB9-85DD-426E-947D-3B24897A03B0}.Release|Any CPU.Build.0 = Release|Any CPU
	EndGlobalSection
	GlobalSection(SolutionProperties) = preSolution
		HideSolutionNode = FALSE
	EndGlobalSection
	GlobalSection(ExtensibilityGlobals) = postSolution
		SolutionGuid = {9CA7CBBF-CF2C-47D2-9B8C-80854202BE07}
	EndGlobalSection
EndGlobal
